// !$*UTF8*$!
{
	archiveVersion = 1;
	classes = {
	};
	objectVersion = 48;
	objects = {

/* Begin PBXBuildFile section */
		9DA96260552FB5C6B7C18E02 /* Pods_IdeaApp.framework in Frameworks */ = {isa = PBXBuildFile; fileRef = E99ADC2011F6646C7A5A0B27 /* Pods_IdeaApp.framework */; };
		AAAC8340206221100096FD54 /* AppDelegate.swift in Sources */ = {isa = PBXBuildFile; fileRef = AAAC833F206221100096FD54 /* AppDelegate.swift */; };
		AAAC8342206221100096FD54 /* LoginViewController.swift in Sources */ = {isa = PBXBuildFile; fileRef = AAAC8341206221100096FD54 /* LoginViewController.swift */; };
		AAAC8345206221100096FD54 /* Main.storyboard in Resources */ = {isa = PBXBuildFile; fileRef = AAAC8343206221100096FD54 /* Main.storyboard */; };
		AAAC8347206221100096FD54 /* Assets.xcassets in Resources */ = {isa = PBXBuildFile; fileRef = AAAC8346206221100096FD54 /* Assets.xcassets */; };
		AAAC834A206221100096FD54 /* LaunchScreen.storyboard in Resources */ = {isa = PBXBuildFile; fileRef = AAAC8348206221100096FD54 /* LaunchScreen.storyboard */; };
		AAAC8352206223670096FD54 /* GoogleService-Info.plist in Resources */ = {isa = PBXBuildFile; fileRef = AAAC8351206223670096FD54 /* GoogleService-Info.plist */; };
		AAAC8354206224EE0096FD54 /* SignUpViewController.swift in Sources */ = {isa = PBXBuildFile; fileRef = AAAC8353206224EE0096FD54 /* SignUpViewController.swift */; };
		AAAC835720626DEF0096FD54 /* Alert.swift in Sources */ = {isa = PBXBuildFile; fileRef = AAAC835620626DEF0096FD54 /* Alert.swift */; };
		AAAC835A206287EF0096FD54 /* IdeaViewController.swift in Sources */ = {isa = PBXBuildFile; fileRef = AAAC8359206287EF0096FD54 /* IdeaViewController.swift */; };
		AAAC835C20628B8B0096FD54 /* AddViewController.swift in Sources */ = {isa = PBXBuildFile; fileRef = AAAC835B20628B8B0096FD54 /* AddViewController.swift */; };
		AAAC835E20628B9C0096FD54 /* ExploreViewController.swift in Sources */ = {isa = PBXBuildFile; fileRef = AAAC835D20628B9C0096FD54 /* ExploreViewController.swift */; };
		AAAC836020628BA80096FD54 /* ProfileViewController.swift in Sources */ = {isa = PBXBuildFile; fileRef = AAAC835F20628BA80096FD54 /* ProfileViewController.swift */; };
		AAAC83622062A00A0096FD54 /* IdeaTableViewCell.swift in Sources */ = {isa = PBXBuildFile; fileRef = AAAC83612062A00A0096FD54 /* IdeaTableViewCell.swift */; };
		AAAC83652062A4DE0096FD54 /* Idea.swift in Sources */ = {isa = PBXBuildFile; fileRef = AAAC83642062A4DE0096FD54 /* Idea.swift */; };
/* End PBXBuildFile section */

/* Begin PBXFileReference section */
		AAAC833C206221100096FD54 /* IdeaApp.app */ = {isa = PBXFileReference; explicitFileType = wrapper.application; includeInIndex = 0; path = IdeaApp.app; sourceTree = BUILT_PRODUCTS_DIR; };
		AAAC833F206221100096FD54 /* AppDelegate.swift */ = {isa = PBXFileReference; lastKnownFileType = sourcecode.swift; path = AppDelegate.swift; sourceTree = "<group>"; };
		AAAC8341206221100096FD54 /* LoginViewController.swift */ = {isa = PBXFileReference; lastKnownFileType = sourcecode.swift; path = LoginViewController.swift; sourceTree = "<group>"; };
		AAAC8344206221100096FD54 /* Base */ = {isa = PBXFileReference; lastKnownFileType = file.storyboard; name = Base; path = Base.lproj/Main.storyboard; sourceTree = "<group>"; };
		AAAC8346206221100096FD54 /* Assets.xcassets */ = {isa = PBXFileReference; lastKnownFileType = folder.assetcatalog; path = Assets.xcassets; sourceTree = "<group>"; };
		AAAC8349206221100096FD54 /* Base */ = {isa = PBXFileReference; lastKnownFileType = file.storyboard; name = Base; path = Base.lproj/LaunchScreen.storyboard; sourceTree = "<group>"; };
		AAAC834B206221100096FD54 /* Info.plist */ = {isa = PBXFileReference; lastKnownFileType = text.plist.xml; path = Info.plist; sourceTree = "<group>"; };
		AAAC8351206223670096FD54 /* GoogleService-Info.plist */ = {isa = PBXFileReference; fileEncoding = 4; lastKnownFileType = text.plist.xml; path = "GoogleService-Info.plist"; sourceTree = "<group>"; };
		AAAC8353206224EE0096FD54 /* SignUpViewController.swift */ = {isa = PBXFileReference; lastKnownFileType = sourcecode.swift; path = SignUpViewController.swift; sourceTree = "<group>"; };
		AAAC835620626DEF0096FD54 /* Alert.swift */ = {isa = PBXFileReference; lastKnownFileType = sourcecode.swift; path = Alert.swift; sourceTree = "<group>"; };
		AAAC8359206287EF0096FD54 /* IdeaViewController.swift */ = {isa = PBXFileReference; lastKnownFileType = sourcecode.swift; path = IdeaViewController.swift; sourceTree = "<group>"; };
		AAAC835B20628B8B0096FD54 /* AddViewController.swift */ = {isa = PBXFileReference; lastKnownFileType = sourcecode.swift; path = AddViewController.swift; sourceTree = "<group>"; };
		AAAC835D20628B9C0096FD54 /* ExploreViewController.swift */ = {isa = PBXFileReference; lastKnownFileType = sourcecode.swift; path = ExploreViewController.swift; sourceTree = "<group>"; };
		AAAC835F20628BA80096FD54 /* ProfileViewController.swift */ = {isa = PBXFileReference; lastKnownFileType = sourcecode.swift; path = ProfileViewController.swift; sourceTree = "<group>"; };
		AAAC83612062A00A0096FD54 /* IdeaTableViewCell.swift */ = {isa = PBXFileReference; lastKnownFileType = sourcecode.swift; path = IdeaTableViewCell.swift; sourceTree = "<group>"; };
		AAAC83642062A4DE0096FD54 /* Idea.swift */ = {isa = PBXFileReference; lastKnownFileType = sourcecode.swift; path = Idea.swift; sourceTree = "<group>"; };
		E99ADC2011F6646C7A5A0B27 /* Pods_IdeaApp.framework */ = {isa = PBXFileReference; explicitFileType = wrapper.framework; includeInIndex = 0; path = Pods_IdeaApp.framework; sourceTree = BUILT_PRODUCTS_DIR; };
		ECFE6DC97907FE627E12167C /* Pods-IdeaApp.debug.xcconfig */ = {isa = PBXFileReference; includeInIndex = 1; lastKnownFileType = text.xcconfig; name = "Pods-IdeaApp.debug.xcconfig"; path = "Pods/Target Support Files/Pods-IdeaApp/Pods-IdeaApp.debug.xcconfig"; sourceTree = "<group>"; };
		EDD88C3A8E064B5C1705D7F1 /* Pods-IdeaApp.release.xcconfig */ = {isa = PBXFileReference; includeInIndex = 1; lastKnownFileType = text.xcconfig; name = "Pods-IdeaApp.release.xcconfig"; path = "Pods/Target Support Files/Pods-IdeaApp/Pods-IdeaApp.release.xcconfig"; sourceTree = "<group>"; };
/* End PBXFileReference section */

/* Begin PBXFrameworksBuildPhase section */
		AAAC8339206221100096FD54 /* Frameworks */ = {
			isa = PBXFrameworksBuildPhase;
			buildActionMask = 2147483647;
			files = (
				9DA96260552FB5C6B7C18E02 /* Pods_IdeaApp.framework in Frameworks */,
			);
			runOnlyForDeploymentPostprocessing = 0;
		};
/* End PBXFrameworksBuildPhase section */

/* Begin PBXGroup section */
		74F4E28F8B15E0F702D53144 /* Pods */ = {
			isa = PBXGroup;
			children = (
				ECFE6DC97907FE627E12167C /* Pods-IdeaApp.debug.xcconfig */,
				EDD88C3A8E064B5C1705D7F1 /* Pods-IdeaApp.release.xcconfig */,
			);
			name = Pods;
			sourceTree = "<group>";
		};
		AAAC8333206221100096FD54 = {
			isa = PBXGroup;
			children = (
				AAAC833E206221100096FD54 /* IdeaApp */,
				AAAC833D206221100096FD54 /* Products */,
				74F4E28F8B15E0F702D53144 /* Pods */,
				EC72E6130B8882F1D7B22AF1 /* Frameworks */,
			);
			sourceTree = "<group>";
		};
		AAAC833D206221100096FD54 /* Products */ = {
			isa = PBXGroup;
			children = (
				AAAC833C206221100096FD54 /* IdeaApp.app */,
			);
			name = Products;
			sourceTree = "<group>";
		};
		AAAC833E206221100096FD54 /* IdeaApp */ = {
			isa = PBXGroup;
			children = (
				AAAC83632062A4C80096FD54 /* ClassFiles */,
				AAAC833F206221100096FD54 /* AppDelegate.swift */,
				AAAC835620626DEF0096FD54 /* Alert.swift */,
				AAAC8343206221100096FD54 /* Main.storyboard */,
				AAAC83582062876E0096FD54 /* MainTab */,
				AAAC8355206224F50096FD54 /* Login&SignUp */,
				AAAC8346206221100096FD54 /* Assets.xcassets */,
				AAAC8348206221100096FD54 /* LaunchScreen.storyboard */,
				AAAC834B206221100096FD54 /* Info.plist */,
				AAAC8351206223670096FD54 /* GoogleService-Info.plist */,
			);
			path = IdeaApp;
			sourceTree = "<group>";
		};
		AAAC8355206224F50096FD54 /* Login&SignUp */ = {
			isa = PBXGroup;
			children = (
				AAAC8341206221100096FD54 /* LoginViewController.swift */,
				AAAC8353206224EE0096FD54 /* SignUpViewController.swift */,
			);
			path = "Login&SignUp";
			sourceTree = "<group>";
		};
		AAAC83582062876E0096FD54 /* MainTab */ = {
			isa = PBXGroup;
			children = (
				AAAC8359206287EF0096FD54 /* IdeaViewController.swift */,
				AAAC83612062A00A0096FD54 /* IdeaTableViewCell.swift */,
				AAAC835B20628B8B0096FD54 /* AddViewController.swift */,
				AAAC835D20628B9C0096FD54 /* ExploreViewController.swift */,
				AAAC835F20628BA80096FD54 /* ProfileViewController.swift */,
			);
			path = MainTab;
			sourceTree = "<group>";
		};
		AAAC83632062A4C80096FD54 /* ClassFiles */ = {
			isa = PBXGroup;
			children = (
				AAAC83642062A4DE0096FD54 /* Idea.swift */,
			);
			path = ClassFiles;
			sourceTree = "<group>";
		};
		EC72E6130B8882F1D7B22AF1 /* Frameworks */ = {
			isa = PBXGroup;
			children = (
				E99ADC2011F6646C7A5A0B27 /* Pods_IdeaApp.framework */,
			);
			name = Frameworks;
			sourceTree = "<group>";
		};
/* End PBXGroup section */

/* Begin PBXNativeTarget section */
		AAAC833B206221100096FD54 /* IdeaApp */ = {
			isa = PBXNativeTarget;
			buildConfigurationList = AAAC834E206221100096FD54 /* Build configuration list for PBXNativeTarget "IdeaApp" */;
			buildPhases = (
				220CA55121B7617ACB744973 /* [CP] Check Pods Manifest.lock */,
				AAAC8338206221100096FD54 /* Sources */,
				AAAC8339206221100096FD54 /* Frameworks */,
				AAAC833A206221100096FD54 /* Resources */,
				FE97C957434A9ADC49105CC3 /* [CP] Embed Pods Frameworks */,
				CC38B16F5E881F42D0E43520 /* [CP] Copy Pods Resources */,
			);
			buildRules = (
			);
			dependencies = (
			);
			name = IdeaApp;
			productName = IdeaApp;
			productReference = AAAC833C206221100096FD54 /* IdeaApp.app */;
			productType = "com.apple.product-type.application";
		};
/* End PBXNativeTarget section */

/* Begin PBXProject section */
		AAAC8334206221100096FD54 /* Project object */ = {
			isa = PBXProject;
			attributes = {
				LastSwiftUpdateCheck = 0920;
				LastUpgradeCheck = 0920;
				ORGANIZATIONNAME = "Ban Er Win";
				TargetAttributes = {
					AAAC833B206221100096FD54 = {
						CreatedOnToolsVersion = 9.2;
						ProvisioningStyle = Automatic;
					};
				};
			};
			buildConfigurationList = AAAC8337206221100096FD54 /* Build configuration list for PBXProject "IdeaApp" */;
			compatibilityVersion = "Xcode 8.0";
			developmentRegion = en;
			hasScannedForEncodings = 0;
			knownRegions = (
				en,
				Base,
			);
			mainGroup = AAAC8333206221100096FD54;
			productRefGroup = AAAC833D206221100096FD54 /* Products */;
			projectDirPath = "";
			projectRoot = "";
			targets = (
				AAAC833B206221100096FD54 /* IdeaApp */,
			);
		};
/* End PBXProject section */

/* Begin PBXResourcesBuildPhase section */
		AAAC833A206221100096FD54 /* Resources */ = {
			isa = PBXResourcesBuildPhase;
			buildActionMask = 2147483647;
			files = (
				AAAC834A206221100096FD54 /* LaunchScreen.storyboard in Resources */,
				AAAC8352206223670096FD54 /* GoogleService-Info.plist in Resources */,
				AAAC8347206221100096FD54 /* Assets.xcassets in Resources */,
				AAAC8345206221100096FD54 /* Main.storyboard in Resources */,
			);
			runOnlyForDeploymentPostprocessing = 0;
		};
/* End PBXResourcesBuildPhase section */

/* Begin PBXShellScriptBuildPhase section */
		220CA55121B7617ACB744973 /* [CP] Check Pods Manifest.lock */ = {
			isa = PBXShellScriptBuildPhase;
			buildActionMask = 2147483647;
			files = (
			);
			inputPaths = (
				"${PODS_PODFILE_DIR_PATH}/Podfile.lock",
				"${PODS_ROOT}/Manifest.lock",
			);
			name = "[CP] Check Pods Manifest.lock";
			outputPaths = (
				"$(DERIVED_FILE_DIR)/Pods-IdeaApp-checkManifestLockResult.txt",
			);
			runOnlyForDeploymentPostprocessing = 0;
			shellPath = /bin/sh;
			shellScript = "diff \"${PODS_PODFILE_DIR_PATH}/Podfile.lock\" \"${PODS_ROOT}/Manifest.lock\" > /dev/null\nif [ $? != 0 ] ; then\n    # print error to STDERR\n    echo \"error: The sandbox is not in sync with the Podfile.lock. Run 'pod install' or update your CocoaPods installation.\" >&2\n    exit 1\nfi\n# This output is used by Xcode 'outputs' to avoid re-running this script phase.\necho \"SUCCESS\" > \"${SCRIPT_OUTPUT_FILE_0}\"\n";
			showEnvVarsInLog = 0;
		};
		CC38B16F5E881F42D0E43520 /* [CP] Copy Pods Resources */ = {
			isa = PBXShellScriptBuildPhase;
			buildActionMask = 2147483647;
			files = (
			);
			inputPaths = (
			);
			name = "[CP] Copy Pods Resources";
			outputPaths = (
			);
			runOnlyForDeploymentPostprocessing = 0;
			shellPath = /bin/sh;
			shellScript = "\"${SRCROOT}/Pods/Target Support Files/Pods-IdeaApp/Pods-IdeaApp-resources.sh\"\n";
			showEnvVarsInLog = 0;
		};
		FE97C957434A9ADC49105CC3 /* [CP] Embed Pods Frameworks */ = {
			isa = PBXShellScriptBuildPhase;
			buildActionMask = 2147483647;
			files = (
			);
			inputPaths = (
				"${SRCROOT}/Pods/Target Support Files/Pods-IdeaApp/Pods-IdeaApp-frameworks.sh",
				"${BUILT_PRODUCTS_DIR}/GTMSessionFetcher/GTMSessionFetcher.framework",
				"${BUILT_PRODUCTS_DIR}/GoogleToolboxForMac/GoogleToolboxForMac.framework",
				"${BUILT_PRODUCTS_DIR}/leveldb-library/leveldb.framework",
				"${BUILT_PRODUCTS_DIR}/nanopb/nanopb.framework",
			);
			name = "[CP] Embed Pods Frameworks";
			outputPaths = (
				"${TARGET_BUILD_DIR}/${FRAMEWORKS_FOLDER_PATH}/GTMSessionFetcher.framework",
				"${TARGET_BUILD_DIR}/${FRAMEWORKS_FOLDER_PATH}/GoogleToolboxForMac.framework",
				"${TARGET_BUILD_DIR}/${FRAMEWORKS_FOLDER_PATH}/leveldb.framework",
				"${TARGET_BUILD_DIR}/${FRAMEWORKS_FOLDER_PATH}/nanopb.framework",
			);
			runOnlyForDeploymentPostprocessing = 0;
			shellPath = /bin/sh;
			shellScript = "\"${SRCROOT}/Pods/Target Support Files/Pods-IdeaApp/Pods-IdeaApp-frameworks.sh\"\n";
			showEnvVarsInLog = 0;
		};
/* End PBXShellScriptBuildPhase section */

/* Begin PBXSourcesBuildPhase section */
		AAAC8338206221100096FD54 /* Sources */ = {
			isa = PBXSourcesBuildPhase;
			buildActionMask = 2147483647;
			files = (
				AAAC8354206224EE0096FD54 /* SignUpViewController.swift in Sources */,
				AAAC8342206221100096FD54 /* LoginViewController.swift in Sources */,
				AAAC83652062A4DE0096FD54 /* Idea.swift in Sources */,
				AAAC835C20628B8B0096FD54 /* AddViewController.swift in Sources */,
				AAAC835720626DEF0096FD54 /* Alert.swift in Sources */,
				AAAC83622062A00A0096FD54 /* IdeaTableViewCell.swift in Sources */,
				AAAC8340206221100096FD54 /* AppDelegate.swift in Sources */,
				AAAC835E20628B9C0096FD54 /* ExploreViewController.swift in Sources */,
				AAAC836020628BA80096FD54 /* ProfileViewController.swift in Sources */,
				AAAC835A206287EF0096FD54 /* IdeaViewController.swift in Sources */,
			);
			runOnlyForDeploymentPostprocessing = 0;
		};
/* End PBXSourcesBuildPhase section */

/* Begin PBXVariantGroup section */
		AAAC8343206221100096FD54 /* Main.storyboard */ = {
			isa = PBXVariantGroup;
			children = (
				AAAC8344206221100096FD54 /* Base */,
			);
			name = Main.storyboard;
			sourceTree = "<group>";
		};
		AAAC8348206221100096FD54 /* LaunchScreen.storyboard */ = {
			isa = PBXVariantGroup;
			children = (
				AAAC8349206221100096FD54 /* Base */,
			);
			name = LaunchScreen.storyboard;
			sourceTree = "<group>";
		};
/* End PBXVariantGroup section */

/* Begin XCBuildConfiguration section */
		AAAC834C206221100096FD54 /* Debug */ = {
			isa = XCBuildConfiguration;
			buildSettings = {
				ALWAYS_SEARCH_USER_PATHS = NO;
				CLANG_ANALYZER_NONNULL = YES;
				CLANG_ANALYZER_NUMBER_OBJECT_CONVERSION = YES_AGGRESSIVE;
				CLANG_CXX_LANGUAGE_STANDARD = "gnu++14";
				CLANG_CXX_LIBRARY = "libc++";
				CLANG_ENABLE_MODULES = YES;
				CLANG_ENABLE_OBJC_ARC = YES;
				CLANG_WARN_BLOCK_CAPTURE_AUTORELEASING = YES;
				CLANG_WARN_BOOL_CONVERSION = YES;
				CLANG_WARN_COMMA = YES;
				CLANG_WARN_CONSTANT_CONVERSION = YES;
				CLANG_WARN_DIRECT_OBJC_ISA_USAGE = YES_ERROR;
				CLANG_WARN_DOCUMENTATION_COMMENTS = YES;
				CLANG_WARN_EMPTY_BODY = YES;
				CLANG_WARN_ENUM_CONVERSION = YES;
				CLANG_WARN_INFINITE_RECURSION = YES;
				CLANG_WARN_INT_CONVERSION = YES;
				CLANG_WARN_NON_LITERAL_NULL_CONVERSION = YES;
				CLANG_WARN_OBJC_LITERAL_CONVERSION = YES;
				CLANG_WARN_OBJC_ROOT_CLASS = YES_ERROR;
				CLANG_WARN_RANGE_LOOP_ANALYSIS = YES;
				CLANG_WARN_STRICT_PROTOTYPES = YES;
				CLANG_WARN_SUSPICIOUS_MOVE = YES;
				CLANG_WARN_UNGUARDED_AVAILABILITY = YES_AGGRESSIVE;
				CLANG_WARN_UNREACHABLE_CODE = YES;
				CLANG_WARN__DUPLICATE_METHOD_MATCH = YES;
				CODE_SIGN_IDENTITY = "iPhone Developer";
				COPY_PHASE_STRIP = NO;
				DEBUG_INFORMATION_FORMAT = dwarf;
				ENABLE_STRICT_OBJC_MSGSEND = YES;
				ENABLE_TESTABILITY = YES;
				GCC_C_LANGUAGE_STANDARD = gnu11;
				GCC_DYNAMIC_NO_PIC = NO;
				GCC_NO_COMMON_BLOCKS = YES;
				GCC_OPTIMIZATION_LEVEL = 0;
				GCC_PREPROCESSOR_DEFINITIONS = (
					"DEBUG=1",
					"$(inherited)",
				);
				GCC_WARN_64_TO_32_BIT_CONVERSION = YES;
				GCC_WARN_ABOUT_RETURN_TYPE = YES_ERROR;
				GCC_WARN_UNDECLARED_SELECTOR = YES;
				GCC_WARN_UNINITIALIZED_AUTOS = YES_AGGRESSIVE;
				GCC_WARN_UNUSED_FUNCTION = YES;
				GCC_WARN_UNUSED_VARIABLE = YES;
				IPHONEOS_DEPLOYMENT_TARGET = 11.2;
				MTL_ENABLE_DEBUG_INFO = YES;
				ONLY_ACTIVE_ARCH = YES;
				SDKROOT = iphoneos;
				SWIFT_ACTIVE_COMPILATION_CONDITIONS = DEBUG;
				SWIFT_OPTIMIZATION_LEVEL = "-Onone";
			};
			name = Debug;
		};
		AAAC834D206221100096FD54 /* Release */ = {
			isa = XCBuildConfiguration;
			buildSettings = {
				ALWAYS_SEARCH_USER_PATHS = NO;
				CLANG_ANALYZER_NONNULL = YES;
				CLANG_ANALYZER_NUMBER_OBJECT_CONVERSION = YES_AGGRESSIVE;
				CLANG_CXX_LANGUAGE_STANDARD = "gnu++14";
				CLANG_CXX_LIBRARY = "libc++";
				CLANG_ENABLE_MODULES = YES;
				CLANG_ENABLE_OBJC_ARC = YES;
				CLANG_WARN_BLOCK_CAPTURE_AUTORELEASING = YES;
				CLANG_WARN_BOOL_CONVERSION = YES;
				CLANG_WARN_COMMA = YES;
				CLANG_WARN_CONSTANT_CONVERSION = YES;
				CLANG_WARN_DIRECT_OBJC_ISA_USAGE = YES_ERROR;
				CLANG_WARN_DOCUMENTATION_COMMENTS = YES;
				CLANG_WARN_EMPTY_BODY = YES;
				CLANG_WARN_ENUM_CONVERSION = YES;
				CLANG_WARN_INFINITE_RECURSION = YES;
				CLANG_WARN_INT_CONVERSION = YES;
				CLANG_WARN_NON_LITERAL_NULL_CONVERSION = YES;
				CLANG_WARN_OBJC_LITERAL_CONVERSION = YES;
				CLANG_WARN_OBJC_ROOT_CLASS = YES_ERROR;
				CLANG_WARN_RANGE_LOOP_ANALYSIS = YES;
				CLANG_WARN_STRICT_PROTOTYPES = YES;
				CLANG_WARN_SUSPICIOUS_MOVE = YES;
				CLANG_WARN_UNGUARDED_AVAILABILITY = YES_AGGRESSIVE;
				CLANG_WARN_UNREACHABLE_CODE = YES;
				CLANG_WARN__DUPLICATE_METHOD_MATCH = YES;
				CODE_SIGN_IDENTITY = "iPhone Developer";
				COPY_PHASE_STRIP = NO;
				DEBUG_INFORMATION_FORMAT = "dwarf-with-dsym";
				ENABLE_NS_ASSERTIONS = NO;
				ENABLE_STRICT_OBJC_MSGSEND = YES;
				GCC_C_LANGUAGE_STANDARD = gnu11;
				GCC_NO_COMMON_BLOCKS = YES;
				GCC_WARN_64_TO_32_BIT_CONVERSION = YES;
				GCC_WARN_ABOUT_RETURN_TYPE = YES_ERROR;
				GCC_WARN_UNDECLARED_SELECTOR = YES;
				GCC_WARN_UNINITIALIZED_AUTOS = YES_AGGRESSIVE;
				GCC_WARN_UNUSED_FUNCTION = YES;
				GCC_WARN_UNUSED_VARIABLE = YES;
				IPHONEOS_DEPLOYMENT_TARGET = 11.2;
				MTL_ENABLE_DEBUG_INFO = NO;
				SDKROOT = iphoneos;
				SWIFT_OPTIMIZATION_LEVEL = "-Owholemodule";
				VALIDATE_PRODUCT = YES;
			};
			name = Release;
		};
		AAAC834F206221100096FD54 /* Debug */ = {
			isa = XCBuildConfiguration;
			baseConfigurationReference = ECFE6DC97907FE627E12167C /* Pods-IdeaApp.debug.xcconfig */;
			buildSettings = {
				ASSETCATALOG_COMPILER_APPICON_NAME = AppIcon;
				CODE_SIGN_STYLE = Automatic;
				INFOPLIST_FILE = IdeaApp/Info.plist;
				LD_RUNPATH_SEARCH_PATHS = "$(inherited) @executable_path/Frameworks";
				PRODUCT_BUNDLE_IDENTIFIER = com.NextAcademy.IdeaApp;
				PRODUCT_NAME = "$(TARGET_NAME)";
				SWIFT_VERSION = 4.0;
				TARGETED_DEVICE_FAMILY = "1,2";
			};
			name = Debug;
		};
		AAAC8350206221100096FD54 /* Release */ = {
			isa = XCBuildConfiguration;
			baseConfigurationReference = EDD88C3A8E064B5C1705D7F1 /* Pods-IdeaApp.release.xcconfig */;
			buildSettings = {
				ASSETCATALOG_COMPILER_APPICON_NAME = AppIcon;
				CODE_SIGN_STYLE = Automatic;
				INFOPLIST_FILE = IdeaApp/Info.plist;
				LD_RUNPATH_SEARCH_PATHS = "$(inherited) @executable_path/Frameworks";
				PRODUCT_BUNDLE_IDENTIFIER = com.NextAcademy.IdeaApp;
				PRODUCT_NAME = "$(TARGET_NAME)";
				SWIFT_VERSION = 4.0;
				TARGETED_DEVICE_FAMILY = "1,2";
			};
			name = Release;
		};
/* End XCBuildConfiguration section */

/* Begin XCConfigurationList section */
		AAAC8337206221100096FD54 /* Build configuration list for PBXProject "IdeaApp" */ = {
			isa = XCConfigurationList;
			buildConfigurations = (
				AAAC834C206221100096FD54 /* Debug */,
				AAAC834D206221100096FD54 /* Release */,
			);
			defaultConfigurationIsVisible = 0;
			defaultConfigurationName = Release;
		};
		AAAC834E206221100096FD54 /* Build configuration list for PBXNativeTarget "IdeaApp" */ = {
			isa = XCConfigurationList;
			buildConfigurations = (
				AAAC834F206221100096FD54 /* Debug */,
				AAAC8350206221100096FD54 /* Release */,
			);
			defaultConfigurationIsVisible = 0;
			defaultConfigurationName = Release;
		};
/* End XCConfigurationList section */
	};
	rootObject = AAAC8334206221100096FD54 /* Project object */;
}
